PODS:
  - Google-Mobile-Ads-SDK (7.34.0)

DEPENDENCIES:
  - Google-Mobile-Ads-SDK

SPEC REPOS:
  https://github.com/CocoaPods/Specs.git:
    - Google-Mobile-Ads-SDK

SPEC CHECKSUMS:
  Google-Mobile-Ads-SDK: a1cbce28c0c78ca1fb0b6c4f213485f55527c99f

PODFILE CHECKSUM: eabf96fd0431dd1daae4122c891d3eb56f49d635

COCOAPODS: 1.10.1
