// !$*UTF8*$!
{
	archiveVersion = 1;
	classes = {
	};
	objectVersion = 50;
	objects = {

/* Begin PBXBuildFile section */
		34DB5CDDC750FC4F0D1A8336 /* libPods-LineMemory.a in Frameworks */ = {isa = PBXBuildFile; fileRef = D14E4B05454A7F1EC45B7F19 /* libPods-LineMemory.a */; };
		972453C1225A829C0060547F /* Localizable.strings in Resources */ = {isa = PBXBuildFile; fileRef = 972453C3225A829C0060547F /* Localizable.strings */; };
		972453CB226275B60060547F /* LaunchScreenImage.png in Resources */ = {isa = PBXBuildFile; fileRef = 972453CA226275B60060547F /* LaunchScreenImage.png */; };
		9738CF9E2212579200AC9696 /* Link.swift in Sources */ = {isa = PBXBuildFile; fileRef = 9738CF9D2212579200AC9696 /* Link.swift */; };
		9738CFA022139F9B00AC9696 /* LineController.swift in Sources */ = {isa = PBXBuildFile; fileRef = 9738CF9F22139F9B00AC9696 /* LineController.swift */; };
		97C218202256EA9600EAF558 /* GameKit.framework in Frameworks */ = {isa = PBXBuildFile; fileRef = 97C2181F2256EA9600EAF558 /* GameKit.framework */; };
		97C2182422591F8600EAF558 /* Podfile in Resources */ = {isa = PBXBuildFile; fileRef = 97C2182322591F8600EAF558 /* Podfile */; };
		97C505852252E87A00B2064B /* RixVideoGame-3D.ttf in Resources */ = {isa = PBXBuildFile; fileRef = 97C505842252E87A00B2064B /* RixVideoGame-3D.ttf */; };
		97C505882254360700B2064B /* HexColor.swift in Sources */ = {isa = PBXBuildFile; fileRef = 97C505872254360700B2064B /* HexColor.swift */; };
		97E140F1223F20D000B17098 /* Data.xcdatamodeld in Sources */ = {isa = PBXBuildFile; fileRef = 97E140EF223F20D000B17098 /* Data.xcdatamodeld */; };
		97E140F32241D5AD00B17098 /* MenuScene.sks in Resources */ = {isa = PBXBuildFile; fileRef = 97E140F22241D5AD00B17098 /* MenuScene.sks */; };
		97E140F72241D61600B17098 /* MenuScene.swift in Sources */ = {isa = PBXBuildFile; fileRef = 97E140F62241D61600B17098 /* MenuScene.swift */; };
		97E140F92243284B00B17098 /* AnimationFramesHelper.swift in Sources */ = {isa = PBXBuildFile; fileRef = 97E140F82243284B00B17098 /* AnimationFramesHelper.swift */; };
		97E58D0721E59069003C95E2 /* AppDelegate.swift in Sources */ = {isa = PBXBuildFile; fileRef = 97E58D0621E59068003C95E2 /* AppDelegate.swift */; };
		97E58D0921E59069003C95E2 /* GameScene.sks in Resources */ = {isa = PBXBuildFile; fileRef = 97E58D0821E59069003C95E2 /* GameScene.sks */; };
		97E58D0B21E59069003C95E2 /* Actions.sks in Resources */ = {isa = PBXBuildFile; fileRef = 97E58D0A21E59069003C95E2 /* Actions.sks */; };
		97E58D0D21E59069003C95E2 /* GameScene.swift in Sources */ = {isa = PBXBuildFile; fileRef = 97E58D0C21E59069003C95E2 /* GameScene.swift */; };
		97E58D0F21E59069003C95E2 /* GameViewController.swift in Sources */ = {isa = PBXBuildFile; fileRef = 97E58D0E21E59069003C95E2 /* GameViewController.swift */; };
		97E58D1221E59069003C95E2 /* Main.storyboard in Resources */ = {isa = PBXBuildFile; fileRef = 97E58D1021E59069003C95E2 /* Main.storyboard */; };
		97E58D1421E5906C003C95E2 /* Assets.xcassets in Resources */ = {isa = PBXBuildFile; fileRef = 97E58D1321E5906C003C95E2 /* Assets.xcassets */; };
		97E58D1721E5906C003C95E2 /* LaunchScreen.storyboard in Resources */ = {isa = PBXBuildFile; fileRef = 97E58D1521E5906C003C95E2 /* LaunchScreen.storyboard */; };
		97E58D2221E5906D003C95E2 /* LineMemoryTests.swift in Sources */ = {isa = PBXBuildFile; fileRef = 97E58D2121E5906D003C95E2 /* LineMemoryTests.swift */; };
		97E58D2D21E5906D003C95E2 /* LineMemoryUITests.swift in Sources */ = {isa = PBXBuildFile; fileRef = 97E58D2C21E5906D003C95E2 /* LineMemoryUITests.swift */; };
		97E58D3E21E5919F003C95E2 /* MenuViewController.swift in Sources */ = {isa = PBXBuildFile; fileRef = 97E58D3A21E5919E003C95E2 /* MenuViewController.swift */; };
		97E58D4021E5919F003C95E2 /* Tile.swift in Sources */ = {isa = PBXBuildFile; fileRef = 97E58D3C21E5919F003C95E2 /* Tile.swift */; };
		97E58D4121E5919F003C95E2 /* LevelController.swift in Sources */ = {isa = PBXBuildFile; fileRef = 97E58D3D21E5919F003C95E2 /* LevelController.swift */; };
		97FA2E5C222F64C10093CDE6 /* RixVideoGame-Bold.ttf in Resources */ = {isa = PBXBuildFile; fileRef = 97FA2E5B222F64C10093CDE6 /* RixVideoGame-Bold.ttf */; };
		97FA2E5E222F65B00093CDE6 /* manaspc.ttf in Resources */ = {isa = PBXBuildFile; fileRef = 97FA2E5D222F65B00093CDE6 /* manaspc.ttf */; };
/* End PBXBuildFile section */

/* Begin PBXContainerItemProxy section */
		97E58D1E21E5906D003C95E2 /* PBXContainerItemProxy */ = {
			isa = PBXContainerItemProxy;
			containerPortal = 97E58CFB21E59068003C95E2 /* Project object */;
			proxyType = 1;
			remoteGlobalIDString = 97E58D0221E59068003C95E2;
			remoteInfo = LineMemory;
		};
		97E58D2921E5906D003C95E2 /* PBXContainerItemProxy */ = {
			isa = PBXContainerItemProxy;
			containerPortal = 97E58CFB21E59068003C95E2 /* Project object */;
			proxyType = 1;
			remoteGlobalIDString = 97E58D0221E59068003C95E2;
			remoteInfo = LineMemory;
		};
/* End PBXContainerItemProxy section */

/* Begin PBXFileReference section */
		7182030CC7F3430F28A398E4 /* Pods-LineMemory.debug.xcconfig */ = {isa = PBXFileReference; includeInIndex = 1; lastKnownFileType = text.xcconfig; name = "Pods-LineMemory.debug.xcconfig"; path = "Pods/Target Support Files/Pods-LineMemory/Pods-LineMemory.debug.xcconfig"; sourceTree = "<group>"; };
		972453B9225A820C0060547F /* zh-Hans */ = {isa = PBXFileReference; lastKnownFileType = text.plist.strings; name = "zh-Hans"; path = "zh-Hans.lproj/Main.strings"; sourceTree = "<group>"; };
		972453BA225A820C0060547F /* zh-Hans */ = {isa = PBXFileReference; lastKnownFileType = text.plist.strings; name = "zh-Hans"; path = "zh-Hans.lproj/LaunchScreen.strings"; sourceTree = "<group>"; };
		972453BC225A82200060547F /* ko */ = {isa = PBXFileReference; lastKnownFileType = text.plist.strings; name = ko; path = ko.lproj/Main.strings; sourceTree = "<group>"; };
		972453BD225A82200060547F /* ko */ = {isa = PBXFileReference; lastKnownFileType = text.plist.strings; name = ko; path = ko.lproj/LaunchScreen.strings; sourceTree = "<group>"; };
		972453C2225A829C0060547F /* en */ = {isa = PBXFileReference; lastKnownFileType = text.plist.strings; name = en; path = en.lproj/Localizable.strings; sourceTree = "<group>"; };
		972453C4225A82A20060547F /* zh-Hans */ = {isa = PBXFileReference; lastKnownFileType = text.plist.strings; name = "zh-Hans"; path = "zh-Hans.lproj/Localizable.strings"; sourceTree = "<group>"; };
		972453C5225A82A50060547F /* ko */ = {isa = PBXFileReference; lastKnownFileType = text.plist.strings; name = ko; path = ko.lproj/Localizable.strings; sourceTree = "<group>"; };
		972453CA226275B60060547F /* LaunchScreenImage.png */ = {isa = PBXFileReference; lastKnownFileType = image.png; path = LaunchScreenImage.png; sourceTree = "<group>"; };
		9738CF9D2212579200AC9696 /* Link.swift */ = {isa = PBXFileReference; lastKnownFileType = sourcecode.swift; path = Link.swift; sourceTree = "<group>"; };
		9738CF9F22139F9B00AC9696 /* LineController.swift */ = {isa = PBXFileReference; lastKnownFileType = sourcecode.swift; path = LineController.swift; sourceTree = "<group>"; };
		97C2181F2256EA9600EAF558 /* GameKit.framework */ = {isa = PBXFileReference; lastKnownFileType = wrapper.framework; name = GameKit.framework; path = System/Library/Frameworks/GameKit.framework; sourceTree = SDKROOT; };
		97C2182322591F8600EAF558 /* Podfile */ = {isa = PBXFileReference; lastKnownFileType = text; path = Podfile; sourceTree = "<group>"; xcLanguageSpecificationIdentifier = xcode.lang.ruby; };
		97C505842252E87A00B2064B /* RixVideoGame-3D.ttf */ = {isa = PBXFileReference; lastKnownFileType = file; path = "RixVideoGame-3D.ttf"; sourceTree = "<group>"; };
		97C505872254360700B2064B /* HexColor.swift */ = {isa = PBXFileReference; lastKnownFileType = sourcecode.swift; path = HexColor.swift; sourceTree = "<group>"; };
		97E140F0223F20D000B17098 /* Data.xcdatamodel */ = {isa = PBXFileReference; lastKnownFileType = wrapper.xcdatamodel; path = Data.xcdatamodel; sourceTree = "<group>"; };
		97E140F22241D5AD00B17098 /* MenuScene.sks */ = {isa = PBXFileReference; lastKnownFileType = file.sks; path = MenuScene.sks; sourceTree = "<group>"; };
		97E140F62241D61600B17098 /* MenuScene.swift */ = {isa = PBXFileReference; lastKnownFileType = sourcecode.swift; path = MenuScene.swift; sourceTree = "<group>"; };
		97E140F82243284B00B17098 /* AnimationFramesHelper.swift */ = {isa = PBXFileReference; lastKnownFileType = sourcecode.swift; path = AnimationFramesHelper.swift; sourceTree = "<group>"; };
		97E58D0321E59068003C95E2 /* LineMemory.app */ = {isa = PBXFileReference; explicitFileType = wrapper.application; includeInIndex = 0; path = LineMemory.app; sourceTree = BUILT_PRODUCTS_DIR; };
		97E58D0621E59068003C95E2 /* AppDelegate.swift */ = {isa = PBXFileReference; lastKnownFileType = sourcecode.swift; path = AppDelegate.swift; sourceTree = "<group>"; };
		97E58D0821E59069003C95E2 /* GameScene.sks */ = {isa = PBXFileReference; lastKnownFileType = file.sks; path = GameScene.sks; sourceTree = "<group>"; };
		97E58D0A21E59069003C95E2 /* Actions.sks */ = {isa = PBXFileReference; lastKnownFileType = file.sks; path = Actions.sks; sourceTree = "<group>"; };
		97E58D0C21E59069003C95E2 /* GameScene.swift */ = {isa = PBXFileReference; lastKnownFileType = sourcecode.swift; path = GameScene.swift; sourceTree = "<group>"; };
		97E58D0E21E59069003C95E2 /* GameViewController.swift */ = {isa = PBXFileReference; lastKnownFileType = sourcecode.swift; path = GameViewController.swift; sourceTree = "<group>"; };
		97E58D1121E59069003C95E2 /* Base */ = {isa = PBXFileReference; lastKnownFileType = file.storyboard; name = Base; path = Base.lproj/Main.storyboard; sourceTree = "<group>"; };
		97E58D1321E5906C003C95E2 /* Assets.xcassets */ = {isa = PBXFileReference; lastKnownFileType = folder.assetcatalog; path = Assets.xcassets; sourceTree = "<group>"; };
		97E58D1621E5906C003C95E2 /* Base */ = {isa = PBXFileReference; lastKnownFileType = file.storyboard; name = Base; path = Base.lproj/LaunchScreen.storyboard; sourceTree = "<group>"; };
		97E58D1821E5906C003C95E2 /* Info.plist */ = {isa = PBXFileReference; lastKnownFileType = text.plist.xml; path = Info.plist; sourceTree = "<group>"; };
		97E58D1D21E5906D003C95E2 /* LineMemoryTests.xctest */ = {isa = PBXFileReference; explicitFileType = wrapper.cfbundle; includeInIndex = 0; path = LineMemoryTests.xctest; sourceTree = BUILT_PRODUCTS_DIR; };
		97E58D2121E5906D003C95E2 /* LineMemoryTests.swift */ = {isa = PBXFileReference; lastKnownFileType = sourcecode.swift; path = LineMemoryTests.swift; sourceTree = "<group>"; };
		97E58D2321E5906D003C95E2 /* Info.plist */ = {isa = PBXFileReference; lastKnownFileType = text.plist.xml; path = Info.plist; sourceTree = "<group>"; };
		97E58D2821E5906D003C95E2 /* LineMemoryUITests.xctest */ = {isa = PBXFileReference; explicitFileType = wrapper.cfbundle; includeInIndex = 0; path = LineMemoryUITests.xctest; sourceTree = BUILT_PRODUCTS_DIR; };
		97E58D2C21E5906D003C95E2 /* LineMemoryUITests.swift */ = {isa = PBXFileReference; lastKnownFileType = sourcecode.swift; path = LineMemoryUITests.swift; sourceTree = "<group>"; };
		97E58D2E21E5906D003C95E2 /* Info.plist */ = {isa = PBXFileReference; lastKnownFileType = text.plist.xml; path = Info.plist; sourceTree = "<group>"; };
		97E58D3A21E5919E003C95E2 /* MenuViewController.swift */ = {isa = PBXFileReference; fileEncoding = 4; lastKnownFileType = sourcecode.swift; path = MenuViewController.swift; sourceTree = "<group>"; };
		97E58D3C21E5919F003C95E2 /* Tile.swift */ = {isa = PBXFileReference; fileEncoding = 4; lastKnownFileType = sourcecode.swift; path = Tile.swift; sourceTree = "<group>"; };
		97E58D3D21E5919F003C95E2 /* LevelController.swift */ = {isa = PBXFileReference; fileEncoding = 4; lastKnownFileType = sourcecode.swift; path = LevelController.swift; sourceTree = "<group>"; };
		97FA2E5B222F64C10093CDE6 /* RixVideoGame-Bold.ttf */ = {isa = PBXFileReference; lastKnownFileType = file; path = "RixVideoGame-Bold.ttf"; sourceTree = "<group>"; };
		97FA2E5D222F65B00093CDE6 /* manaspc.ttf */ = {isa = PBXFileReference; lastKnownFileType = file; path = manaspc.ttf; sourceTree = "<group>"; };
		D14E4B05454A7F1EC45B7F19 /* libPods-LineMemory.a */ = {isa = PBXFileReference; explicitFileType = archive.ar; includeInIndex = 0; path = "libPods-LineMemory.a"; sourceTree = BUILT_PRODUCTS_DIR; };
		F942B745E8879AB7182DCA74 /* Pods-LineMemory.release.xcconfig */ = {isa = PBXFileReference; includeInIndex = 1; lastKnownFileType = text.xcconfig; name = "Pods-LineMemory.release.xcconfig"; path = "Pods/Target Support Files/Pods-LineMemory/Pods-LineMemory.release.xcconfig"; sourceTree = "<group>"; };
/* End PBXFileReference section */

/* Begin PBXFrameworksBuildPhase section */
		97E58D0021E59068003C95E2 /* Frameworks */ = {
			isa = PBXFrameworksBuildPhase;
			buildActionMask = 2147483647;
			files = (
				97C218202256EA9600EAF558 /* GameKit.framework in Frameworks */,
				34DB5CDDC750FC4F0D1A8336 /* libPods-LineMemory.a in Frameworks */,
			);
			runOnlyForDeploymentPostprocessing = 0;
		};
		97E58D1A21E5906D003C95E2 /* Frameworks */ = {
			isa = PBXFrameworksBuildPhase;
			buildActionMask = 2147483647;
			files = (
			);
			runOnlyForDeploymentPostprocessing = 0;
		};
		97E58D2521E5906D003C95E2 /* Frameworks */ = {
			isa = PBXFrameworksBuildPhase;
			buildActionMask = 2147483647;
			files = (
			);
			runOnlyForDeploymentPostprocessing = 0;
		};
/* End PBXFrameworksBuildPhase section */

/* Begin PBXGroup section */
		972453C6226273490060547F /* Images */ = {
			isa = PBXGroup;
			children = (
				972453CA226275B60060547F /* LaunchScreenImage.png */,
			);
			path = Images;
			sourceTree = "<group>";
		};
		97C2181E2256EA9600EAF558 /* Frameworks */ = {
			isa = PBXGroup;
			children = (
				97C2181F2256EA9600EAF558 /* GameKit.framework */,
				D14E4B05454A7F1EC45B7F19 /* libPods-LineMemory.a */,
			);
			name = Frameworks;
			sourceTree = "<group>";
		};
		97C50586225435EE00B2064B /* Extensions */ = {
			isa = PBXGroup;
			children = (
				97C505872254360700B2064B /* HexColor.swift */,
			);
			path = Extensions;
			sourceTree = "<group>";
		};
		97E58CFA21E59068003C95E2 = {
			isa = PBXGroup;
			children = (
				97C2182322591F8600EAF558 /* Podfile */,
				97E58D0521E59068003C95E2 /* LineMemory */,
				97E58D2021E5906D003C95E2 /* LineMemoryTests */,
				97E58D2B21E5906D003C95E2 /* LineMemoryUITests */,
				97E58D0421E59068003C95E2 /* Products */,
				97C2181E2256EA9600EAF558 /* Frameworks */,
				DCD568839221A87DA60FF561 /* Pods */,
			);
			sourceTree = "<group>";
		};
		97E58D0421E59068003C95E2 /* Products */ = {
			isa = PBXGroup;
			children = (
				97E58D0321E59068003C95E2 /* LineMemory.app */,
				97E58D1D21E5906D003C95E2 /* LineMemoryTests.xctest */,
				97E58D2821E5906D003C95E2 /* LineMemoryUITests.xctest */,
			);
			name = Products;
			sourceTree = "<group>";
		};
		97E58D0521E59068003C95E2 /* LineMemory */ = {
			isa = PBXGroup;
			children = (
				972453C6226273490060547F /* Images */,
				97C50586225435EE00B2064B /* Extensions */,
				97FA2E5A222F647F0093CDE6 /* Font */,
				97E58D3D21E5919F003C95E2 /* LevelController.swift */,
				97E58D3A21E5919E003C95E2 /* MenuViewController.swift */,
				97E58D3C21E5919F003C95E2 /* Tile.swift */,
				97E58D0621E59068003C95E2 /* AppDelegate.swift */,
				97E58D0821E59069003C95E2 /* GameScene.sks */,
				97E58D0A21E59069003C95E2 /* Actions.sks */,
				97E58D0C21E59069003C95E2 /* GameScene.swift */,
				97E58D0E21E59069003C95E2 /* GameViewController.swift */,
				97E58D1021E59069003C95E2 /* Main.storyboard */,
				97E58D1321E5906C003C95E2 /* Assets.xcassets */,
				97E58D1521E5906C003C95E2 /* LaunchScreen.storyboard */,
				97E58D1821E5906C003C95E2 /* Info.plist */,
				9738CF9D2212579200AC9696 /* Link.swift */,
				9738CF9F22139F9B00AC9696 /* LineController.swift */,
				97E140EF223F20D000B17098 /* Data.xcdatamodeld */,
				97E140F22241D5AD00B17098 /* MenuScene.sks */,
				97E140F62241D61600B17098 /* MenuScene.swift */,
				97E140F82243284B00B17098 /* AnimationFramesHelper.swift */,
				972453C3225A829C0060547F /* Localizable.strings */,
			);
			path = LineMemory;
			sourceTree = "<group>";
		};
		97E58D2021E5906D003C95E2 /* LineMemoryTests */ = {
			isa = PBXGroup;
			children = (
				97E58D2121E5906D003C95E2 /* LineMemoryTests.swift */,
				97E58D2321E5906D003C95E2 /* Info.plist */,
			);
			path = LineMemoryTests;
			sourceTree = "<group>";
		};
		97E58D2B21E5906D003C95E2 /* LineMemoryUITests */ = {
			isa = PBXGroup;
			children = (
				97E58D2C21E5906D003C95E2 /* LineMemoryUITests.swift */,
				97E58D2E21E5906D003C95E2 /* Info.plist */,
			);
			path = LineMemoryUITests;
			sourceTree = "<group>";
		};
		97FA2E5A222F647F0093CDE6 /* Font */ = {
			isa = PBXGroup;
			children = (
				97C505842252E87A00B2064B /* RixVideoGame-3D.ttf */,
				97FA2E5D222F65B00093CDE6 /* manaspc.ttf */,
				97FA2E5B222F64C10093CDE6 /* RixVideoGame-Bold.ttf */,
			);
			path = Font;
			sourceTree = "<group>";
		};
		DCD568839221A87DA60FF561 /* Pods */ = {
			isa = PBXGroup;
			children = (
				7182030CC7F3430F28A398E4 /* Pods-LineMemory.debug.xcconfig */,
				F942B745E8879AB7182DCA74 /* Pods-LineMemory.release.xcconfig */,
			);
			name = Pods;
			sourceTree = "<group>";
		};
/* End PBXGroup section */

/* Begin PBXNativeTarget section */
		97E58D0221E59068003C95E2 /* LineMemory */ = {
			isa = PBXNativeTarget;
			buildConfigurationList = 97E58D3121E5906D003C95E2 /* Build configuration list for PBXNativeTarget "LineMemory" */;
			buildPhases = (
				EF20BD9236789FA4524867F8 /* [CP] Check Pods Manifest.lock */,
				97E58CFF21E59068003C95E2 /* Sources */,
				97E58D0021E59068003C95E2 /* Frameworks */,
				97E58D0121E59068003C95E2 /* Resources */,
			);
			buildRules = (
			);
			dependencies = (
			);
			name = LineMemory;
			productName = LineMemory;
			productReference = 97E58D0321E59068003C95E2 /* LineMemory.app */;
			productType = "com.apple.product-type.application";
		};
		97E58D1C21E5906D003C95E2 /* LineMemoryTests */ = {
			isa = PBXNativeTarget;
			buildConfigurationList = 97E58D3421E5906D003C95E2 /* Build configuration list for PBXNativeTarget "LineMemoryTests" */;
			buildPhases = (
				97E58D1921E5906D003C95E2 /* Sources */,
				97E58D1A21E5906D003C95E2 /* Frameworks */,
				97E58D1B21E5906D003C95E2 /* Resources */,
			);
			buildRules = (
			);
			dependencies = (
				97E58D1F21E5906D003C95E2 /* PBXTargetDependency */,
			);
			name = LineMemoryTests;
			productName = LineMemoryTests;
			productReference = 97E58D1D21E5906D003C95E2 /* LineMemoryTests.xctest */;
			productType = "com.apple.product-type.bundle.unit-test";
		};
		97E58D2721E5906D003C95E2 /* LineMemoryUITests */ = {
			isa = PBXNativeTarget;
			buildConfigurationList = 97E58D3721E5906D003C95E2 /* Build configuration list for PBXNativeTarget "LineMemoryUITests" */;
			buildPhases = (
				97E58D2421E5906D003C95E2 /* Sources */,
				97E58D2521E5906D003C95E2 /* Frameworks */,
				97E58D2621E5906D003C95E2 /* Resources */,
			);
			buildRules = (
			);
			dependencies = (
				97E58D2A21E5906D003C95E2 /* PBXTargetDependency */,
			);
			name = LineMemoryUITests;
			productName = LineMemoryUITests;
			productReference = 97E58D2821E5906D003C95E2 /* LineMemoryUITests.xctest */;
			productType = "com.apple.product-type.bundle.ui-testing";
		};
/* End PBXNativeTarget section */

/* Begin PBXProject section */
		97E58CFB21E59068003C95E2 /* Project object */ = {
			isa = PBXProject;
			attributes = {
				LastSwiftUpdateCheck = 0940;
				LastUpgradeCheck = 0940;
				ORGANIZATIONNAME = "Nathan Lane";
				TargetAttributes = {
					97E58D0221E59068003C95E2 = {
						CreatedOnToolsVersion = 9.4.1;
						SystemCapabilities = {
							com.apple.GameCenter.iOS = {
								enabled = 1;
							};
						};
					};
					97E58D1C21E5906D003C95E2 = {
						CreatedOnToolsVersion = 9.4.1;
						TestTargetID = 97E58D0221E59068003C95E2;
					};
					97E58D2721E5906D003C95E2 = {
						CreatedOnToolsVersion = 9.4.1;
						TestTargetID = 97E58D0221E59068003C95E2;
					};
				};
			};
			buildConfigurationList = 97E58CFE21E59068003C95E2 /* Build configuration list for PBXProject "LineMemory" */;
			compatibilityVersion = "Xcode 9.3";
			developmentRegion = en;
			hasScannedForEncodings = 0;
			knownRegions = (
				en,
				Base,
				"zh-Hans",
				ko,
			);
			mainGroup = 97E58CFA21E59068003C95E2;
			productRefGroup = 97E58D0421E59068003C95E2 /* Products */;
			projectDirPath = "";
			projectRoot = "";
			targets = (
				97E58D0221E59068003C95E2 /* LineMemory */,
				97E58D1C21E5906D003C95E2 /* LineMemoryTests */,
				97E58D2721E5906D003C95E2 /* LineMemoryUITests */,
			);
		};
/* End PBXProject section */

/* Begin PBXResourcesBuildPhase section */
		97E58D0121E59068003C95E2 /* Resources */ = {
			isa = PBXResourcesBuildPhase;
			buildActionMask = 2147483647;
			files = (
				97C2182422591F8600EAF558 /* Podfile in Resources */,
				97E58D1221E59069003C95E2 /* Main.storyboard in Resources */,
				972453C1225A829C0060547F /* Localizable.strings in Resources */,
				97E58D0921E59069003C95E2 /* GameScene.sks in Resources */,
				97E58D1421E5906C003C95E2 /* Assets.xcassets in Resources */,
				97FA2E5C222F64C10093CDE6 /* RixVideoGame-Bold.ttf in Resources */,
				97E58D1721E5906C003C95E2 /* LaunchScreen.storyboard in Resources */,
				97E58D0B21E59069003C95E2 /* Actions.sks in Resources */,
				97FA2E5E222F65B00093CDE6 /* manaspc.ttf in Resources */,
				97C505852252E87A00B2064B /* RixVideoGame-3D.ttf in Resources */,
				972453CB226275B60060547F /* LaunchScreenImage.png in Resources */,
				97E140F32241D5AD00B17098 /* MenuScene.sks in Resources */,
			);
			runOnlyForDeploymentPostprocessing = 0;
		};
		97E58D1B21E5906D003C95E2 /* Resources */ = {
			isa = PBXResourcesBuildPhase;
			buildActionMask = 2147483647;
			files = (
			);
			runOnlyForDeploymentPostprocessing = 0;
		};
		97E58D2621E5906D003C95E2 /* Resources */ = {
			isa = PBXResourcesBuildPhase;
			buildActionMask = 2147483647;
			files = (
			);
			runOnlyForDeploymentPostprocessing = 0;
		};
/* End PBXResourcesBuildPhase section */

/* Begin PBXShellScriptBuildPhase section */
		EF20BD9236789FA4524867F8 /* [CP] Check Pods Manifest.lock */ = {
			isa = PBXShellScriptBuildPhase;
			buildActionMask = 2147483647;
			files = (
			);
			inputFileListPaths = (
			);
			inputPaths = (
				"${PODS_PODFILE_DIR_PATH}/Podfile.lock",
				"${PODS_ROOT}/Manifest.lock",
			);
			name = "[CP] Check Pods Manifest.lock";
			outputFileListPaths = (
			);
			outputPaths = (
				"$(DERIVED_FILE_DIR)/Pods-LineMemory-checkManifestLockResult.txt",
			);
			runOnlyForDeploymentPostprocessing = 0;
			shellPath = /bin/sh;
			shellScript = "diff \"${PODS_PODFILE_DIR_PATH}/Podfile.lock\" \"${PODS_ROOT}/Manifest.lock\" > /dev/null\nif [ $? != 0 ] ; then\n    # print error to STDERR\n    echo \"error: The sandbox is not in sync with the Podfile.lock. Run 'pod install' or update your CocoaPods installation.\" >&2\n    exit 1\nfi\n# This output is used by Xcode 'outputs' to avoid re-running this script phase.\necho \"SUCCESS\" > \"${SCRIPT_OUTPUT_FILE_0}\"\n";
			showEnvVarsInLog = 0;
		};
/* End PBXShellScriptBuildPhase section */

/* Begin PBXSourcesBuildPhase section */
		97E58CFF21E59068003C95E2 /* Sources */ = {
			isa = PBXSourcesBuildPhase;
			buildActionMask = 2147483647;
			files = (
				97E58D0D21E59069003C95E2 /* GameScene.swift in Sources */,
				97C505882254360700B2064B /* HexColor.swift in Sources */,
				9738CF9E2212579200AC9696 /* Link.swift in Sources */,
				97E58D0F21E59069003C95E2 /* GameViewController.swift in Sources */,
				9738CFA022139F9B00AC9696 /* LineController.swift in Sources */,
				97E140F92243284B00B17098 /* AnimationFramesHelper.swift in Sources */,
				97E140F1223F20D000B17098 /* Data.xcdatamodeld in Sources */,
				97E58D4021E5919F003C95E2 /* Tile.swift in Sources */,
				97E58D0721E59069003C95E2 /* AppDelegate.swift in Sources */,
				97E140F72241D61600B17098 /* MenuScene.swift in Sources */,
				97E58D4121E5919F003C95E2 /* LevelController.swift in Sources */,
				97E58D3E21E5919F003C95E2 /* MenuViewController.swift in Sources */,
			);
			runOnlyForDeploymentPostprocessing = 0;
		};
		97E58D1921E5906D003C95E2 /* Sources */ = {
			isa = PBXSourcesBuildPhase;
			buildActionMask = 2147483647;
			files = (
				97E58D2221E5906D003C95E2 /* LineMemoryTests.swift in Sources */,
			);
			runOnlyForDeploymentPostprocessing = 0;
		};
		97E58D2421E5906D003C95E2 /* Sources */ = {
			isa = PBXSourcesBuildPhase;
			buildActionMask = 2147483647;
			files = (
				97E58D2D21E5906D003C95E2 /* LineMemoryUITests.swift in Sources */,
			);
			runOnlyForDeploymentPostprocessing = 0;
		};
/* End PBXSourcesBuildPhase section */

/* Begin PBXTargetDependency section */
		97E58D1F21E5906D003C95E2 /* PBXTargetDependency */ = {
			isa = PBXTargetDependency;
			target = 97E58D0221E59068003C95E2 /* LineMemory */;
			targetProxy = 97E58D1E21E5906D003C95E2 /* PBXContainerItemProxy */;
		};
		97E58D2A21E5906D003C95E2 /* PBXTargetDependency */ = {
			isa = PBXTargetDependency;
			target = 97E58D0221E59068003C95E2 /* LineMemory */;
			targetProxy = 97E58D2921E5906D003C95E2 /* PBXContainerItemProxy */;
		};
/* End PBXTargetDependency section */

/* Begin PBXVariantGroup section */
		972453C3225A829C0060547F /* Localizable.strings */ = {
			isa = PBXVariantGroup;
			children = (
				972453C2225A829C0060547F /* en */,
				972453C4225A82A20060547F /* zh-Hans */,
				972453C5225A82A50060547F /* ko */,
			);
			name = Localizable.strings;
			sourceTree = "<group>";
		};
		97E58D1021E59069003C95E2 /* Main.storyboard */ = {
			isa = PBXVariantGroup;
			children = (
				97E58D1121E59069003C95E2 /* Base */,
				972453B9225A820C0060547F /* zh-Hans */,
				972453BC225A82200060547F /* ko */,
			);
			name = Main.storyboard;
			sourceTree = "<group>";
		};
		97E58D1521E5906C003C95E2 /* LaunchScreen.storyboard */ = {
			isa = PBXVariantGroup;
			children = (
				97E58D1621E5906C003C95E2 /* Base */,
				972453BA225A820C0060547F /* zh-Hans */,
				972453BD225A82200060547F /* ko */,
			);
			name = LaunchScreen.storyboard;
			sourceTree = "<group>";
		};
/* End PBXVariantGroup section */

/* Begin XCBuildConfiguration section */
		97E58D2F21E5906D003C95E2 /* Debug */ = {
			isa = XCBuildConfiguration;
			buildSettings = {
				ALWAYS_SEARCH_USER_PATHS = NO;
				CLANG_ANALYZER_LOCALIZABILITY_NONLOCALIZED = YES;
				CLANG_ANALYZER_NONNULL = YES;
				CLANG_ANALYZER_NUMBER_OBJECT_CONVERSION = YES_AGGRESSIVE;
				CLANG_CXX_LANGUAGE_STANDARD = "gnu++14";
				CLANG_CXX_LIBRARY = "libc++";
				CLANG_ENABLE_MODULES = YES;
				CLANG_ENABLE_OBJC_ARC = YES;
				CLANG_ENABLE_OBJC_WEAK = YES;
				CLANG_WARN_BLOCK_CAPTURE_AUTORELEASING = YES;
				CLANG_WARN_BOOL_CONVERSION = YES;
				CLANG_WARN_COMMA = YES;
				CLANG_WARN_CONSTANT_CONVERSION = YES;
				CLANG_WARN_DEPRECATED_OBJC_IMPLEMENTATIONS = YES;
				CLANG_WARN_DIRECT_OBJC_ISA_USAGE = YES_ERROR;
				CLANG_WARN_DOCUMENTATION_COMMENTS = YES;
				CLANG_WARN_EMPTY_BODY = YES;
				CLANG_WARN_ENUM_CONVERSION = YES;
				CLANG_WARN_INFINITE_RECURSION = YES;
				CLANG_WARN_INT_CONVERSION = YES;
				CLANG_WARN_NON_LITERAL_NULL_CONVERSION = YES;
				CLANG_WARN_OBJC_IMPLICIT_RETAIN_SELF = YES;
				CLANG_WARN_OBJC_LITERAL_CONVERSION = YES;
				CLANG_WARN_OBJC_ROOT_CLASS = YES_ERROR;
				CLANG_WARN_RANGE_LOOP_ANALYSIS = YES;
				CLANG_WARN_STRICT_PROTOTYPES = YES;
				CLANG_WARN_SUSPICIOUS_MOVE = YES;
				CLANG_WARN_UNGUARDED_AVAILABILITY = YES_AGGRESSIVE;
				CLANG_WARN_UNREACHABLE_CODE = YES;
				CLANG_WARN__DUPLICATE_METHOD_MATCH = YES;
				CODE_SIGN_IDENTITY = "iPhone Developer";
				COPY_PHASE_STRIP = NO;
				DEBUG_INFORMATION_FORMAT = dwarf;
				ENABLE_STRICT_OBJC_MSGSEND = YES;
				ENABLE_TESTABILITY = YES;
				GCC_C_LANGUAGE_STANDARD = gnu11;
				GCC_DYNAMIC_NO_PIC = NO;
				GCC_NO_COMMON_BLOCKS = YES;
				GCC_OPTIMIZATION_LEVEL = 0;
				GCC_PREPROCESSOR_DEFINITIONS = (
					"DEBUG=1",
					"$(inherited)",
				);
				GCC_WARN_64_TO_32_BIT_CONVERSION = YES;
				GCC_WARN_ABOUT_RETURN_TYPE = YES_ERROR;
				GCC_WARN_UNDECLARED_SELECTOR = YES;
				GCC_WARN_UNINITIALIZED_AUTOS = YES_AGGRESSIVE;
				GCC_WARN_UNUSED_FUNCTION = YES;
				GCC_WARN_UNUSED_VARIABLE = YES;
				IPHONEOS_DEPLOYMENT_TARGET = 11.4;
				MTL_ENABLE_DEBUG_INFO = YES;
				ONLY_ACTIVE_ARCH = YES;
				SDKROOT = iphoneos;
				SWIFT_ACTIVE_COMPILATION_CONDITIONS = DEBUG;
				SWIFT_OPTIMIZATION_LEVEL = "-Onone";
			};
			name = Debug;
		};
		97E58D3021E5906D003C95E2 /* Release */ = {
			isa = XCBuildConfiguration;
			buildSettings = {
				ALWAYS_SEARCH_USER_PATHS = NO;
				CLANG_ANALYZER_LOCALIZABILITY_NONLOCALIZED = YES;
				CLANG_ANALYZER_NONNULL = YES;
				CLANG_ANALYZER_NUMBER_OBJECT_CONVERSION = YES_AGGRESSIVE;
				CLANG_CXX_LANGUAGE_STANDARD = "gnu++14";
				CLANG_CXX_LIBRARY = "libc++";
				CLANG_ENABLE_MODULES = YES;
				CLANG_ENABLE_OBJC_ARC = YES;
				CLANG_ENABLE_OBJC_WEAK = YES;
				CLANG_WARN_BLOCK_CAPTURE_AUTORELEASING = YES;
				CLANG_WARN_BOOL_CONVERSION = YES;
				CLANG_WARN_COMMA = YES;
				CLANG_WARN_CONSTANT_CONVERSION = YES;
				CLANG_WARN_DEPRECATED_OBJC_IMPLEMENTATIONS = YES;
				CLANG_WARN_DIRECT_OBJC_ISA_USAGE = YES_ERROR;
				CLANG_WARN_DOCUMENTATION_COMMENTS = YES;
				CLANG_WARN_EMPTY_BODY = YES;
				CLANG_WARN_ENUM_CONVERSION = YES;
				CLANG_WARN_INFINITE_RECURSION = YES;
				CLANG_WARN_INT_CONVERSION = YES;
				CLANG_WARN_NON_LITERAL_NULL_CONVERSION = YES;
				CLANG_WARN_OBJC_IMPLICIT_RETAIN_SELF = YES;
				CLANG_WARN_OBJC_LITERAL_CONVERSION = YES;
				CLANG_WARN_OBJC_ROOT_CLASS = YES_ERROR;
				CLANG_WARN_RANGE_LOOP_ANALYSIS = YES;
				CLANG_WARN_STRICT_PROTOTYPES = YES;
				CLANG_WARN_SUSPICIOUS_MOVE = YES;
				CLANG_WARN_UNGUARDED_AVAILABILITY = YES_AGGRESSIVE;
				CLANG_WARN_UNREACHABLE_CODE = YES;
				CLANG_WARN__DUPLICATE_METHOD_MATCH = YES;
				CODE_SIGN_IDENTITY = "iPhone Developer";
				COPY_PHASE_STRIP = NO;
				DEBUG_INFORMATION_FORMAT = "dwarf-with-dsym";
				ENABLE_NS_ASSERTIONS = NO;
				ENABLE_STRICT_OBJC_MSGSEND = YES;
				GCC_C_LANGUAGE_STANDARD = gnu11;
				GCC_NO_COMMON_BLOCKS = YES;
				GCC_WARN_64_TO_32_BIT_CONVERSION = YES;
				GCC_WARN_ABOUT_RETURN_TYPE = YES_ERROR;
				GCC_WARN_UNDECLARED_SELECTOR = YES;
				GCC_WARN_UNINITIALIZED_AUTOS = YES_AGGRESSIVE;
				GCC_WARN_UNUSED_FUNCTION = YES;
				GCC_WARN_UNUSED_VARIABLE = YES;
				IPHONEOS_DEPLOYMENT_TARGET = 11.4;
				MTL_ENABLE_DEBUG_INFO = NO;
				SDKROOT = iphoneos;
				SWIFT_COMPILATION_MODE = wholemodule;
				SWIFT_OPTIMIZATION_LEVEL = "-O";
				VALIDATE_PRODUCT = YES;
			};
			name = Release;
		};
		97E58D3221E5906D003C95E2 /* Debug */ = {
			isa = XCBuildConfiguration;
			baseConfigurationReference = 7182030CC7F3430F28A398E4 /* Pods-LineMemory.debug.xcconfig */;
			buildSettings = {
				ASSETCATALOG_COMPILER_APPICON_NAME = AppIcon;
				CODE_SIGN_IDENTITY = "iPhone Developer";
				CODE_SIGN_STYLE = Automatic;
				DEVELOPMENT_TEAM = A2NY5YXLRN;
				INFOPLIST_FILE = LineMemory/Info.plist;
				IPHONEOS_DEPLOYMENT_TARGET = 10.0;
				LD_RUNPATH_SEARCH_PATHS = (
					"$(inherited)",
					"@executable_path/Frameworks",
				);
				PRODUCT_BUNDLE_IDENTIFIER = com.NathanALane.LineMemory;
				PRODUCT_NAME = "$(TARGET_NAME)";
				PROVISIONING_PROFILE_SPECIFIER = "";
				SWIFT_VERSION = 4.0;
				TARGETED_DEVICE_FAMILY = "1,2";
			};
			name = Debug;
		};
		97E58D3321E5906D003C95E2 /* Release */ = {
			isa = XCBuildConfiguration;
			baseConfigurationReference = F942B745E8879AB7182DCA74 /* Pods-LineMemory.release.xcconfig */;
			buildSettings = {
				ASSETCATALOG_COMPILER_APPICON_NAME = AppIcon;
				CODE_SIGN_IDENTITY = "iPhone Developer";
				CODE_SIGN_STYLE = Automatic;
				DEVELOPMENT_TEAM = A2NY5YXLRN;
				INFOPLIST_FILE = LineMemory/Info.plist;
				IPHONEOS_DEPLOYMENT_TARGET = 10.0;
				LD_RUNPATH_SEARCH_PATHS = (
					"$(inherited)",
					"@executable_path/Frameworks",
				);
				PRODUCT_BUNDLE_IDENTIFIER = com.NathanALane.LineMemory;
				PRODUCT_NAME = "$(TARGET_NAME)";
				PROVISIONING_PROFILE_SPECIFIER = "";
				SWIFT_VERSION = 4.0;
				TARGETED_DEVICE_FAMILY = "1,2";
			};
			name = Release;
		};
		97E58D3521E5906D003C95E2 /* Debug */ = {
			isa = XCBuildConfiguration;
			buildSettings = {
				ALWAYS_EMBED_SWIFT_STANDARD_LIBRARIES = YES;
				BUNDLE_LOADER = "$(TEST_HOST)";
				CODE_SIGN_STYLE = Automatic;
				DEVELOPMENT_TEAM = A2NY5YXLRN;
				INFOPLIST_FILE = LineMemoryTests/Info.plist;
				LD_RUNPATH_SEARCH_PATHS = (
					"$(inherited)",
					"@executable_path/Frameworks",
					"@loader_path/Frameworks",
				);
				PRODUCT_BUNDLE_IDENTIFIER = C.LineMemoryTests;
				PRODUCT_NAME = "$(TARGET_NAME)";
				SWIFT_VERSION = 4.0;
				TARGETED_DEVICE_FAMILY = "1,2";
				TEST_HOST = "$(BUILT_PRODUCTS_DIR)/LineMemory.app/LineMemory";
			};
			name = Debug;
		};
		97E58D3621E5906D003C95E2 /* Release */ = {
			isa = XCBuildConfiguration;
			buildSettings = {
				ALWAYS_EMBED_SWIFT_STANDARD_LIBRARIES = YES;
				BUNDLE_LOADER = "$(TEST_HOST)";
				CODE_SIGN_STYLE = Automatic;
				DEVELOPMENT_TEAM = A2NY5YXLRN;
				INFOPLIST_FILE = LineMemoryTests/Info.plist;
				LD_RUNPATH_SEARCH_PATHS = (
					"$(inherited)",
					"@executable_path/Frameworks",
					"@loader_path/Frameworks",
				);
				PRODUCT_BUNDLE_IDENTIFIER = C.LineMemoryTests;
				PRODUCT_NAME = "$(TARGET_NAME)";
				SWIFT_VERSION = 4.0;
				TARGETED_DEVICE_FAMILY = "1,2";
				TEST_HOST = "$(BUILT_PRODUCTS_DIR)/LineMemory.app/LineMemory";
			};
			name = Release;
		};
		97E58D3821E5906D003C95E2 /* Debug */ = {
			isa = XCBuildConfiguration;
			buildSettings = {
				ALWAYS_EMBED_SWIFT_STANDARD_LIBRARIES = YES;
				CODE_SIGN_STYLE = Automatic;
				DEVELOPMENT_TEAM = A2NY5YXLRN;
				INFOPLIST_FILE = LineMemoryUITests/Info.plist;
				LD_RUNPATH_SEARCH_PATHS = (
					"$(inherited)",
					"@executable_path/Frameworks",
					"@loader_path/Frameworks",
				);
				PRODUCT_BUNDLE_IDENTIFIER = C.LineMemoryUITests;
				PRODUCT_NAME = "$(TARGET_NAME)";
				SWIFT_VERSION = 4.0;
				TARGETED_DEVICE_FAMILY = "1,2";
				TEST_TARGET_NAME = LineMemory;
			};
			name = Debug;
		};
		97E58D3921E5906D003C95E2 /* Release */ = {
			isa = XCBuildConfiguration;
			buildSettings = {
				ALWAYS_EMBED_SWIFT_STANDARD_LIBRARIES = YES;
				CODE_SIGN_STYLE = Automatic;
				DEVELOPMENT_TEAM = A2NY5YXLRN;
				INFOPLIST_FILE = LineMemoryUITests/Info.plist;
				LD_RUNPATH_SEARCH_PATHS = (
					"$(inherited)",
					"@executable_path/Frameworks",
					"@loader_path/Frameworks",
				);
				PRODUCT_BUNDLE_IDENTIFIER = C.LineMemoryUITests;
				PRODUCT_NAME = "$(TARGET_NAME)";
				SWIFT_VERSION = 4.0;
				TARGETED_DEVICE_FAMILY = "1,2";
				TEST_TARGET_NAME = LineMemory;
			};
			name = Release;
		};
/* End XCBuildConfiguration section */

/* Begin XCConfigurationList section */
		97E58CFE21E59068003C95E2 /* Build configuration list for PBXProject "LineMemory" */ = {
			isa = XCConfigurationList;
			buildConfigurations = (
				97E58D2F21E5906D003C95E2 /* Debug */,
				97E58D3021E5906D003C95E2 /* Release */,
			);
			defaultConfigurationIsVisible = 0;
			defaultConfigurationName = Release;
		};
		97E58D3121E5906D003C95E2 /* Build configuration list for PBXNativeTarget "LineMemory" */ = {
			isa = XCConfigurationList;
			buildConfigurations = (
				97E58D3221E5906D003C95E2 /* Debug */,
				97E58D3321E5906D003C95E2 /* Release */,
			);
			defaultConfigurationIsVisible = 0;
			defaultConfigurationName = Release;
		};
		97E58D3421E5906D003C95E2 /* Build configuration list for PBXNativeTarget "LineMemoryTests" */ = {
			isa = XCConfigurationList;
			buildConfigurations = (
				97E58D3521E5906D003C95E2 /* Debug */,
				97E58D3621E5906D003C95E2 /* Release */,
			);
			defaultConfigurationIsVisible = 0;
			defaultConfigurationName = Release;
		};
		97E58D3721E5906D003C95E2 /* Build configuration list for PBXNativeTarget "LineMemoryUITests" */ = {
			isa = XCConfigurationList;
			buildConfigurations = (
				97E58D3821E5906D003C95E2 /* Debug */,
				97E58D3921E5906D003C95E2 /* Release */,
			);
			defaultConfigurationIsVisible = 0;
			defaultConfigurationName = Release;
		};
/* End XCConfigurationList section */

/* Begin XCVersionGroup section */
		97E140EF223F20D000B17098 /* Data.xcdatamodeld */ = {
			isa = XCVersionGroup;
			children = (
				97E140F0223F20D000B17098 /* Data.xcdatamodel */,
			);
			currentVersion = 97E140F0223F20D000B17098 /* Data.xcdatamodel */;
			path = Data.xcdatamodeld;
			sourceTree = "<group>";
			versionGroupType = wrapper.xcdatamodel;
		};
/* End XCVersionGroup section */
	};
	rootObject = 97E58CFB21E59068003C95E2 /* Project object */;
}
